
<<<<<<< HEAD
Microsoft Visual Studio Solution File, Format Version 11.00
# Visual Studio 2010
Project("{FAE04EC0-301F-11D3-BF4B-00C04F79EFBC}") = "PGtk", "PGtk\PGtk.csproj", "{B45CC2FF-01D3-4EC1-AC9C-4C6DDFA68582}"
=======
Microsoft Visual Studio Solution File, Format Version 12.00
# Visual Studio 2012
Project("{FAE04EC0-301F-11D3-BF4B-00C04F79EFBC}") = "PGtk", "PGtk\PGtk.csproj", "{0694B4B0-C0E3-4E95-B72B-C21A59B9FBD9}"
>>>>>>> a28a14d6b0af41a5511774f9b914dccd45c9e46b
EndProject
Global
	GlobalSection(SolutionConfigurationPlatforms) = preSolution
		Debug|x86 = Debug|x86
		Release|x86 = Release|x86
	EndGlobalSection
	GlobalSection(ProjectConfigurationPlatforms) = postSolution
<<<<<<< HEAD
		{B45CC2FF-01D3-4EC1-AC9C-4C6DDFA68582}.Debug|x86.ActiveCfg = Debug|x86
		{B45CC2FF-01D3-4EC1-AC9C-4C6DDFA68582}.Debug|x86.Build.0 = Debug|x86
		{B45CC2FF-01D3-4EC1-AC9C-4C6DDFA68582}.Release|x86.ActiveCfg = Release|x86
		{B45CC2FF-01D3-4EC1-AC9C-4C6DDFA68582}.Release|x86.Build.0 = Release|x86
	EndGlobalSection
	GlobalSection(MonoDevelopProperties) = preSolution
		StartupItem = PGtk\PGtk.csproj
=======
		{0694B4B0-C0E3-4E95-B72B-C21A59B9FBD9}.Debug|x86.ActiveCfg = Debug|x86
		{0694B4B0-C0E3-4E95-B72B-C21A59B9FBD9}.Debug|x86.Build.0 = Debug|x86
		{0694B4B0-C0E3-4E95-B72B-C21A59B9FBD9}.Release|x86.ActiveCfg = Release|x86
		{0694B4B0-C0E3-4E95-B72B-C21A59B9FBD9}.Release|x86.Build.0 = Release|x86
>>>>>>> a28a14d6b0af41a5511774f9b914dccd45c9e46b
	EndGlobalSection
EndGlobal
